// !$*UTF8*$!
{
	archiveVersion = 1;
	classes = {
	};
	objectVersion = 48;
	objects = {

/* Begin PBXBuildFile section */
		A04F6972F399F95A4E32E115 /* Pods_YapiKredi.framework in Frameworks */ = {isa = PBXBuildFile; fileRef = E0454CFB0033C53E66B0AF19 /* Pods_YapiKredi.framework */; };
		C6097EFA1FDAE86000A27995 /* AppDelegate.swift in Sources */ = {isa = PBXBuildFile; fileRef = C6097EF91FDAE86000A27995 /* AppDelegate.swift */; };
		C6097EFC1FDAE86000A27995 /* ViewController.swift in Sources */ = {isa = PBXBuildFile; fileRef = C6097EFB1FDAE86000A27995 /* ViewController.swift */; };
		C6097EFF1FDAE86000A27995 /* Main.storyboard in Resources */ = {isa = PBXBuildFile; fileRef = C6097EFD1FDAE86000A27995 /* Main.storyboard */; };
		C6097F011FDAE86000A27995 /* Assets.xcassets in Resources */ = {isa = PBXBuildFile; fileRef = C6097F001FDAE86000A27995 /* Assets.xcassets */; };
		C6097F041FDAE86000A27995 /* LaunchScreen.storyboard in Resources */ = {isa = PBXBuildFile; fileRef = C6097F021FDAE86000A27995 /* LaunchScreen.storyboard */; };
		C6097F0C1FDB147B00A27995 /* ApiManager.swift in Sources */ = {isa = PBXBuildFile; fileRef = C6097F0B1FDB147B00A27995 /* ApiManager.swift */; };
		C6097F101FDB1CC600A27995 /* AppDelegateNotification.swift in Sources */ = {isa = PBXBuildFile; fileRef = C6097F0F1FDB1CC600A27995 /* AppDelegateNotification.swift */; };
		C65CA36A1FDB515000F5E1E4 /* VCFirebaseSignIn.swift in Sources */ = {isa = PBXBuildFile; fileRef = C65CA3691FDB515000F5E1E4 /* VCFirebaseSignIn.swift */; };
		C65CA36C1FDB52B300F5E1E4 /* VCFirebaseSignIn.xib in Resources */ = {isa = PBXBuildFile; fileRef = C65CA36B1FDB52B300F5E1E4 /* VCFirebaseSignIn.xib */; };
		C65CA36F1FDB55E900F5E1E4 /* VCChat.swift in Sources */ = {isa = PBXBuildFile; fileRef = C65CA36E1FDB55E900F5E1E4 /* VCChat.swift */; };
		C65CA3711FDB569000F5E1E4 /* Utilities.swift in Sources */ = {isa = PBXBuildFile; fileRef = C65CA3701FDB569000F5E1E4 /* Utilities.swift */; };
		C65CA3731FDB581F00F5E1E4 /* VCChannelList.swift in Sources */ = {isa = PBXBuildFile; fileRef = C65CA3721FDB581F00F5E1E4 /* VCChannelList.swift */; };
		C65CA3751FDB5BDB00F5E1E4 /* GoogleService-Info.plist in Resources */ = {isa = PBXBuildFile; fileRef = C65CA3741FDB5BDB00F5E1E4 /* GoogleService-Info.plist */; };
		C65CA3771FDB881200F5E1E4 /* VCChatContainer.swift in Sources */ = {isa = PBXBuildFile; fileRef = C65CA3761FDB881200F5E1E4 /* VCChatContainer.swift */; };
/* End PBXBuildFile section */

/* Begin PBXFileReference section */
		8395EF8A1BEEF19368B9485C /* Pods-YapiKredi.debug.xcconfig */ = {isa = PBXFileReference; includeInIndex = 1; lastKnownFileType = text.xcconfig; name = "Pods-YapiKredi.debug.xcconfig"; path = "Pods/Target Support Files/Pods-YapiKredi/Pods-YapiKredi.debug.xcconfig"; sourceTree = "<group>"; };
		C6097EF61FDAE86000A27995 /* YapiKredi.app */ = {isa = PBXFileReference; explicitFileType = wrapper.application; includeInIndex = 0; path = YapiKredi.app; sourceTree = BUILT_PRODUCTS_DIR; };
		C6097EF91FDAE86000A27995 /* AppDelegate.swift */ = {isa = PBXFileReference; lastKnownFileType = sourcecode.swift; path = AppDelegate.swift; sourceTree = "<group>"; };
		C6097EFB1FDAE86000A27995 /* ViewController.swift */ = {isa = PBXFileReference; lastKnownFileType = sourcecode.swift; path = ViewController.swift; sourceTree = "<group>"; };
		C6097EFE1FDAE86000A27995 /* Base */ = {isa = PBXFileReference; lastKnownFileType = file.storyboard; name = Base; path = Base.lproj/Main.storyboard; sourceTree = "<group>"; };
		C6097F001FDAE86000A27995 /* Assets.xcassets */ = {isa = PBXFileReference; lastKnownFileType = folder.assetcatalog; path = Assets.xcassets; sourceTree = "<group>"; };
		C6097F031FDAE86000A27995 /* Base */ = {isa = PBXFileReference; lastKnownFileType = file.storyboard; name = Base; path = Base.lproj/LaunchScreen.storyboard; sourceTree = "<group>"; };
		C6097F051FDAE86000A27995 /* Info.plist */ = {isa = PBXFileReference; lastKnownFileType = text.plist.xml; path = Info.plist; sourceTree = "<group>"; };
		C6097F0B1FDB147B00A27995 /* ApiManager.swift */ = {isa = PBXFileReference; lastKnownFileType = sourcecode.swift; path = ApiManager.swift; sourceTree = "<group>"; };
		C6097F0F1FDB1CC600A27995 /* AppDelegateNotification.swift */ = {isa = PBXFileReference; lastKnownFileType = sourcecode.swift; path = AppDelegateNotification.swift; sourceTree = "<group>"; };
		C6097F111FDB20F100A27995 /* YapiKredi.entitlements */ = {isa = PBXFileReference; lastKnownFileType = text.plist.entitlements; path = YapiKredi.entitlements; sourceTree = "<group>"; };
		C65CA3691FDB515000F5E1E4 /* VCFirebaseSignIn.swift */ = {isa = PBXFileReference; fileEncoding = 4; lastKnownFileType = sourcecode.swift; path = VCFirebaseSignIn.swift; sourceTree = "<group>"; };
		C65CA36B1FDB52B300F5E1E4 /* VCFirebaseSignIn.xib */ = {isa = PBXFileReference; fileEncoding = 4; lastKnownFileType = file.xib; path = VCFirebaseSignIn.xib; sourceTree = "<group>"; };
		C65CA36E1FDB55E900F5E1E4 /* VCChat.swift */ = {isa = PBXFileReference; lastKnownFileType = sourcecode.swift; path = VCChat.swift; sourceTree = "<group>"; };
		C65CA3701FDB569000F5E1E4 /* Utilities.swift */ = {isa = PBXFileReference; lastKnownFileType = sourcecode.swift; path = Utilities.swift; sourceTree = "<group>"; };
		C65CA3721FDB581F00F5E1E4 /* VCChannelList.swift */ = {isa = PBXFileReference; lastKnownFileType = sourcecode.swift; path = VCChannelList.swift; sourceTree = "<group>"; };
		C65CA3741FDB5BDB00F5E1E4 /* GoogleService-Info.plist */ = {isa = PBXFileReference; fileEncoding = 4; lastKnownFileType = text.plist.xml; name = "GoogleService-Info.plist"; path = "../../../../../Downloads/GoogleService-Info.plist"; sourceTree = "<group>"; };
		C65CA3761FDB881200F5E1E4 /* VCChatContainer.swift */ = {isa = PBXFileReference; lastKnownFileType = sourcecode.swift; path = VCChatContainer.swift; sourceTree = "<group>"; };
		C87E8272B4833E0E5FC1BD61 /* Pods-YapiKredi.release.xcconfig */ = {isa = PBXFileReference; includeInIndex = 1; lastKnownFileType = text.xcconfig; name = "Pods-YapiKredi.release.xcconfig"; path = "Pods/Target Support Files/Pods-YapiKredi/Pods-YapiKredi.release.xcconfig"; sourceTree = "<group>"; };
		E0454CFB0033C53E66B0AF19 /* Pods_YapiKredi.framework */ = {isa = PBXFileReference; explicitFileType = wrapper.framework; includeInIndex = 0; path = Pods_YapiKredi.framework; sourceTree = BUILT_PRODUCTS_DIR; };
/* End PBXFileReference section */

/* Begin PBXFrameworksBuildPhase section */
		C6097EF31FDAE86000A27995 /* Frameworks */ = {
			isa = PBXFrameworksBuildPhase;
			buildActionMask = 2147483647;
			files = (
				A04F6972F399F95A4E32E115 /* Pods_YapiKredi.framework in Frameworks */,
			);
			runOnlyForDeploymentPostprocessing = 0;
		};
/* End PBXFrameworksBuildPhase section */

/* Begin PBXGroup section */
		325B28B00FCFDA9EBBDBEC3A /* Frameworks */ = {
			isa = PBXGroup;
			children = (
				E0454CFB0033C53E66B0AF19 /* Pods_YapiKredi.framework */,
			);
			name = Frameworks;
			sourceTree = "<group>";
		};
		C6097EED1FDAE86000A27995 = {
			isa = PBXGroup;
			children = (
				C6097EF81FDAE86000A27995 /* YapiKredi */,
				C6097EF71FDAE86000A27995 /* Products */,
				EFDB622C70ECB4CD8FC50139 /* Pods */,
				325B28B00FCFDA9EBBDBEC3A /* Frameworks */,
			);
			sourceTree = "<group>";
		};
		C6097EF71FDAE86000A27995 /* Products */ = {
			isa = PBXGroup;
			children = (
				C6097EF61FDAE86000A27995 /* YapiKredi.app */,
			);
			name = Products;
			sourceTree = "<group>";
		};
		C6097EF81FDAE86000A27995 /* YapiKredi */ = {
			isa = PBXGroup;
			children = (
				C6097F111FDB20F100A27995 /* YapiKredi.entitlements */,
				C6097EF91FDAE86000A27995 /* AppDelegate.swift */,
				C6097F0F1FDB1CC600A27995 /* AppDelegateNotification.swift */,
				C6097F0B1FDB147B00A27995 /* ApiManager.swift */,
				C65CA3701FDB569000F5E1E4 /* Utilities.swift */,
				C65CA36D1FDB557D00F5E1E4 /* Visuals */,
				C6097EFB1FDAE86000A27995 /* ViewController.swift */,
				C6097F001FDAE86000A27995 /* Assets.xcassets */,
				C6097F051FDAE86000A27995 /* Info.plist */,
				C65CA3741FDB5BDB00F5E1E4 /* GoogleService-Info.plist */,
				C65CA36E1FDB55E900F5E1E4 /* VCChat.swift */,
				C65CA3721FDB581F00F5E1E4 /* VCChannelList.swift */,
				C65CA3761FDB881200F5E1E4 /* VCChatContainer.swift */,
			);
			path = YapiKredi;
			sourceTree = "<group>";
		};
		C65CA36D1FDB557D00F5E1E4 /* Visuals */ = {
			isa = PBXGroup;
			children = (
				C65CA3691FDB515000F5E1E4 /* VCFirebaseSignIn.swift */,
				C6097EFD1FDAE86000A27995 /* Main.storyboard */,
				C6097F021FDAE86000A27995 /* LaunchScreen.storyboard */,
				C65CA36B1FDB52B300F5E1E4 /* VCFirebaseSignIn.xib */,
			);
			path = Visuals;
			sourceTree = "<group>";
		};
		EFDB622C70ECB4CD8FC50139 /* Pods */ = {
			isa = PBXGroup;
			children = (
				8395EF8A1BEEF19368B9485C /* Pods-YapiKredi.debug.xcconfig */,
				C87E8272B4833E0E5FC1BD61 /* Pods-YapiKredi.release.xcconfig */,
			);
			name = Pods;
			sourceTree = "<group>";
		};
/* End PBXGroup section */

/* Begin PBXNativeTarget section */
		C6097EF51FDAE86000A27995 /* YapiKredi */ = {
			isa = PBXNativeTarget;
			buildConfigurationList = C6097F081FDAE86000A27995 /* Build configuration list for PBXNativeTarget "YapiKredi" */;
			buildPhases = (
				A1D44348D7C7EC54327DA7AA /* [CP] Check Pods Manifest.lock */,
				C6097EF21FDAE86000A27995 /* Sources */,
				C6097EF31FDAE86000A27995 /* Frameworks */,
				C6097EF41FDAE86000A27995 /* Resources */,
				221945DA383F8AC22C62078A /* [CP] Embed Pods Frameworks */,
				39B65342482F999C98FAFF9A /* [CP] Copy Pods Resources */,
			);
			buildRules = (
			);
			dependencies = (
			);
			name = YapiKredi;
			productName = YapiKredi;
			productReference = C6097EF61FDAE86000A27995 /* YapiKredi.app */;
			productType = "com.apple.product-type.application";
		};
/* End PBXNativeTarget section */

/* Begin PBXProject section */
		C6097EEE1FDAE86000A27995 /* Project object */ = {
			isa = PBXProject;
			attributes = {
				LastSwiftUpdateCheck = 0920;
				LastUpgradeCheck = 0920;
				ORGANIZATIONNAME = BY;
				TargetAttributes = {
					C6097EF51FDAE86000A27995 = {
						CreatedOnToolsVersion = 9.2;
						ProvisioningStyle = Automatic;
						SystemCapabilities = {
							com.apple.BackgroundModes = {
								enabled = 1;
							};
							com.apple.Push = {
								enabled = 1;
							};
						};
					};
				};
			};
			buildConfigurationList = C6097EF11FDAE86000A27995 /* Build configuration list for PBXProject "YapiKredi" */;
			compatibilityVersion = "Xcode 8.0";
			developmentRegion = en;
			hasScannedForEncodings = 0;
			knownRegions = (
				en,
				Base,
			);
			mainGroup = C6097EED1FDAE86000A27995;
			productRefGroup = C6097EF71FDAE86000A27995 /* Products */;
			projectDirPath = "";
			projectRoot = "";
			targets = (
				C6097EF51FDAE86000A27995 /* YapiKredi */,
			);
		};
/* End PBXProject section */

/* Begin PBXResourcesBuildPhase section */
		C6097EF41FDAE86000A27995 /* Resources */ = {
			isa = PBXResourcesBuildPhase;
			buildActionMask = 2147483647;
			files = (
				C65CA36C1FDB52B300F5E1E4 /* VCFirebaseSignIn.xib in Resources */,
				C6097F041FDAE86000A27995 /* LaunchScreen.storyboard in Resources */,
				C6097F011FDAE86000A27995 /* Assets.xcassets in Resources */,
				C6097EFF1FDAE86000A27995 /* Main.storyboard in Resources */,
				C65CA3751FDB5BDB00F5E1E4 /* GoogleService-Info.plist in Resources */,
			);
			runOnlyForDeploymentPostprocessing = 0;
		};
/* End PBXResourcesBuildPhase section */

/* Begin PBXShellScriptBuildPhase section */
		221945DA383F8AC22C62078A /* [CP] Embed Pods Frameworks */ = {
			isa = PBXShellScriptBuildPhase;
			buildActionMask = 2147483647;
			files = (
			);
			inputPaths = (
			);
			name = "[CP] Embed Pods Frameworks";
			outputPaths = (
			);
			runOnlyForDeploymentPostprocessing = 0;
			shellPath = /bin/sh;
			shellScript = "\"${SRCROOT}/Pods/Target Support Files/Pods-YapiKredi/Pods-YapiKredi-frameworks.sh\"\n";
			showEnvVarsInLog = 0;
		};
		39B65342482F999C98FAFF9A /* [CP] Copy Pods Resources */ = {
			isa = PBXShellScriptBuildPhase;
			buildActionMask = 2147483647;
			files = (
			);
			inputPaths = (
			);
			name = "[CP] Copy Pods Resources";
			outputPaths = (
			);
			runOnlyForDeploymentPostprocessing = 0;
			shellPath = /bin/sh;
			shellScript = "\"${SRCROOT}/Pods/Target Support Files/Pods-YapiKredi/Pods-YapiKredi-resources.sh\"\n";
			showEnvVarsInLog = 0;
		};
		A1D44348D7C7EC54327DA7AA /* [CP] Check Pods Manifest.lock */ = {
			isa = PBXShellScriptBuildPhase;
			buildActionMask = 2147483647;
			files = (
			);
			inputPaths = (
			);
			name = "[CP] Check Pods Manifest.lock";
			outputPaths = (
			);
			runOnlyForDeploymentPostprocessing = 0;
			shellPath = /bin/sh;
			shellScript = "diff \"${PODS_ROOT}/../Podfile.lock\" \"${PODS_ROOT}/Manifest.lock\" > /dev/null\nif [ $? != 0 ] ; then\n    # print error to STDERR\n    echo \"error: The sandbox is not in sync with the Podfile.lock. Run 'pod install' or update your CocoaPods installation.\" >&2\n    exit 1\nfi\n";
			showEnvVarsInLog = 0;
		};
/* End PBXShellScriptBuildPhase section */

/* Begin PBXSourcesBuildPhase section */
		C6097EF21FDAE86000A27995 /* Sources */ = {
			isa = PBXSourcesBuildPhase;
			buildActionMask = 2147483647;
			files = (
				C65CA36F1FDB55E900F5E1E4 /* VCChat.swift in Sources */,
				C65CA36A1FDB515000F5E1E4 /* VCFirebaseSignIn.swift in Sources */,
				C65CA3711FDB569000F5E1E4 /* Utilities.swift in Sources */,
				C6097EFC1FDAE86000A27995 /* ViewController.swift in Sources */,
				C65CA3731FDB581F00F5E1E4 /* VCChannelList.swift in Sources */,
				C6097F0C1FDB147B00A27995 /* ApiManager.swift in Sources */,
				C6097EFA1FDAE86000A27995 /* AppDelegate.swift in Sources */,
				C6097F101FDB1CC600A27995 /* AppDelegateNotification.swift in Sources */,
				C65CA3771FDB881200F5E1E4 /* VCChatContainer.swift in Sources */,
			);
			runOnlyForDeploymentPostprocessing = 0;
		};
/* End PBXSourcesBuildPhase section */

/* Begin PBXVariantGroup section */
		C6097EFD1FDAE86000A27995 /* Main.storyboard */ = {
			isa = PBXVariantGroup;
			children = (
				C6097EFE1FDAE86000A27995 /* Base */,
			);
			name = Main.storyboard;
			sourceTree = "<group>";
		};
		C6097F021FDAE86000A27995 /* LaunchScreen.storyboard */ = {
			isa = PBXVariantGroup;
			children = (
				C6097F031FDAE86000A27995 /* Base */,
			);
			name = LaunchScreen.storyboard;
			sourceTree = "<group>";
		};
/* End PBXVariantGroup section */

/* Begin XCBuildConfiguration section */
		C6097F061FDAE86000A27995 /* Debug */ = {
			isa = XCBuildConfiguration;
			buildSettings = {
				ALWAYS_SEARCH_USER_PATHS = NO;
				CLANG_ANALYZER_NONNULL = YES;
				CLANG_ANALYZER_NUMBER_OBJECT_CONVERSION = YES_AGGRESSIVE;
				CLANG_CXX_LANGUAGE_STANDARD = "gnu++14";
				CLANG_CXX_LIBRARY = "libc++";
				CLANG_ENABLE_MODULES = YES;
				CLANG_ENABLE_OBJC_ARC = YES;
				CLANG_WARN_BLOCK_CAPTURE_AUTORELEASING = YES;
				CLANG_WARN_BOOL_CONVERSION = YES;
				CLANG_WARN_COMMA = YES;
				CLANG_WARN_CONSTANT_CONVERSION = YES;
				CLANG_WARN_DIRECT_OBJC_ISA_USAGE = YES_ERROR;
				CLANG_WARN_DOCUMENTATION_COMMENTS = YES;
				CLANG_WARN_EMPTY_BODY = YES;
				CLANG_WARN_ENUM_CONVERSION = YES;
				CLANG_WARN_INFINITE_RECURSION = YES;
				CLANG_WARN_INT_CONVERSION = YES;
				CLANG_WARN_NON_LITERAL_NULL_CONVERSION = YES;
				CLANG_WARN_OBJC_LITERAL_CONVERSION = YES;
				CLANG_WARN_OBJC_ROOT_CLASS = YES_ERROR;
				CLANG_WARN_RANGE_LOOP_ANALYSIS = YES;
				CLANG_WARN_STRICT_PROTOTYPES = YES;
				CLANG_WARN_SUSPICIOUS_MOVE = YES;
				CLANG_WARN_UNGUARDED_AVAILABILITY = YES_AGGRESSIVE;
				CLANG_WARN_UNREACHABLE_CODE = YES;
				CLANG_WARN__DUPLICATE_METHOD_MATCH = YES;
				CODE_SIGN_IDENTITY = "iPhone Developer";
				COPY_PHASE_STRIP = NO;
				DEBUG_INFORMATION_FORMAT = dwarf;
				ENABLE_STRICT_OBJC_MSGSEND = YES;
				ENABLE_TESTABILITY = YES;
				GCC_C_LANGUAGE_STANDARD = gnu11;
				GCC_DYNAMIC_NO_PIC = NO;
				GCC_NO_COMMON_BLOCKS = YES;
				GCC_OPTIMIZATION_LEVEL = 0;
				GCC_PREPROCESSOR_DEFINITIONS = (
					"DEBUG=1",
					"$(inherited)",
				);
				GCC_WARN_64_TO_32_BIT_CONVERSION = YES;
				GCC_WARN_ABOUT_RETURN_TYPE = YES_ERROR;
				GCC_WARN_UNDECLARED_SELECTOR = YES;
				GCC_WARN_UNINITIALIZED_AUTOS = YES_AGGRESSIVE;
				GCC_WARN_UNUSED_FUNCTION = YES;
				GCC_WARN_UNUSED_VARIABLE = YES;
				IPHONEOS_DEPLOYMENT_TARGET = 11.2;
				MTL_ENABLE_DEBUG_INFO = YES;
				ONLY_ACTIVE_ARCH = YES;
				SDKROOT = iphoneos;
				SWIFT_ACTIVE_COMPILATION_CONDITIONS = DEBUG;
				SWIFT_OPTIMIZATION_LEVEL = "-Onone";
			};
			name = Debug;
		};
		C6097F071FDAE86000A27995 /* Release */ = {
			isa = XCBuildConfiguration;
			buildSettings = {
				ALWAYS_SEARCH_USER_PATHS = NO;
				CLANG_ANALYZER_NONNULL = YES;
				CLANG_ANALYZER_NUMBER_OBJECT_CONVERSION = YES_AGGRESSIVE;
				CLANG_CXX_LANGUAGE_STANDARD = "gnu++14";
				CLANG_CXX_LIBRARY = "libc++";
				CLANG_ENABLE_MODULES = YES;
				CLANG_ENABLE_OBJC_ARC = YES;
				CLANG_WARN_BLOCK_CAPTURE_AUTORELEASING = YES;
				CLANG_WARN_BOOL_CONVERSION = YES;
				CLANG_WARN_COMMA = YES;
				CLANG_WARN_CONSTANT_CONVERSION = YES;
				CLANG_WARN_DIRECT_OBJC_ISA_USAGE = YES_ERROR;
				CLANG_WARN_DOCUMENTATION_COMMENTS = YES;
				CLANG_WARN_EMPTY_BODY = YES;
				CLANG_WARN_ENUM_CONVERSION = YES;
				CLANG_WARN_INFINITE_RECURSION = YES;
				CLANG_WARN_INT_CONVERSION = YES;
				CLANG_WARN_NON_LITERAL_NULL_CONVERSION = YES;
				CLANG_WARN_OBJC_LITERAL_CONVERSION = YES;
				CLANG_WARN_OBJC_ROOT_CLASS = YES_ERROR;
				CLANG_WARN_RANGE_LOOP_ANALYSIS = YES;
				CLANG_WARN_STRICT_PROTOTYPES = YES;
				CLANG_WARN_SUSPICIOUS_MOVE = YES;
				CLANG_WARN_UNGUARDED_AVAILABILITY = YES_AGGRESSIVE;
				CLANG_WARN_UNREACHABLE_CODE = YES;
				CLANG_WARN__DUPLICATE_METHOD_MATCH = YES;
				CODE_SIGN_IDENTITY = "iPhone Developer";
				COPY_PHASE_STRIP = NO;
				DEBUG_INFORMATION_FORMAT = "dwarf-with-dsym";
				ENABLE_NS_ASSERTIONS = NO;
				ENABLE_STRICT_OBJC_MSGSEND = YES;
				GCC_C_LANGUAGE_STANDARD = gnu11;
				GCC_NO_COMMON_BLOCKS = YES;
				GCC_WARN_64_TO_32_BIT_CONVERSION = YES;
				GCC_WARN_ABOUT_RETURN_TYPE = YES_ERROR;
				GCC_WARN_UNDECLARED_SELECTOR = YES;
				GCC_WARN_UNINITIALIZED_AUTOS = YES_AGGRESSIVE;
				GCC_WARN_UNUSED_FUNCTION = YES;
				GCC_WARN_UNUSED_VARIABLE = YES;
				IPHONEOS_DEPLOYMENT_TARGET = 11.2;
				MTL_ENABLE_DEBUG_INFO = NO;
				SDKROOT = iphoneos;
				SWIFT_OPTIMIZATION_LEVEL = "-Owholemodule";
				VALIDATE_PRODUCT = YES;
			};
			name = Release;
		};
		C6097F091FDAE86000A27995 /* Debug */ = {
			isa = XCBuildConfiguration;
			baseConfigurationReference = 8395EF8A1BEEF19368B9485C /* Pods-YapiKredi.debug.xcconfig */;
			buildSettings = {
				ASSETCATALOG_COMPILER_APPICON_NAME = AppIcon;
				CODE_SIGN_ENTITLEMENTS = YapiKredi/YapiKredi.entitlements;
				CODE_SIGN_STYLE = Automatic;
				DEVELOPMENT_TEAM = J8L6CLSPA8;
				INFOPLIST_FILE = YapiKredi/Info.plist;
				IPHONEOS_DEPLOYMENT_TARGET = 10.0;
				LD_RUNPATH_SEARCH_PATHS = "$(inherited) @executable_path/Frameworks";
				PRODUCT_BUNDLE_IDENTIFIER = com.by.YapiKredi;
				PRODUCT_NAME = "$(TARGET_NAME)";
				SWIFT_VERSION = 4.0;
				TARGETED_DEVICE_FAMILY = "1,2";
			};
			name = Debug;
		};
		C6097F0A1FDAE86000A27995 /* Release */ = {
			isa = XCBuildConfiguration;
			baseConfigurationReference = C87E8272B4833E0E5FC1BD61 /* Pods-YapiKredi.release.xcconfig */;
			buildSettings = {
				ASSETCATALOG_COMPILER_APPICON_NAME = AppIcon;
				CODE_SIGN_ENTITLEMENTS = YapiKredi/YapiKredi.entitlements;
				CODE_SIGN_STYLE = Automatic;
				DEVELOPMENT_TEAM = J8L6CLSPA8;
				INFOPLIST_FILE = YapiKredi/Info.plist;
				IPHONEOS_DEPLOYMENT_TARGET = 10.0;
				LD_RUNPATH_SEARCH_PATHS = "$(inherited) @executable_path/Frameworks";
				PRODUCT_BUNDLE_IDENTIFIER = com.by.YapiKredi;
				PRODUCT_NAME = "$(TARGET_NAME)";
				SWIFT_VERSION = 4.0;
				TARGETED_DEVICE_FAMILY = "1,2";
			};
			name = Release;
		};
/* End XCBuildConfiguration section */

/* Begin XCConfigurationList section */
		C6097EF11FDAE86000A27995 /* Build configuration list for PBXProject "YapiKredi" */ = {
			isa = XCConfigurationList;
			buildConfigurations = (
				C6097F061FDAE86000A27995 /* Debug */,
				C6097F071FDAE86000A27995 /* Release */,
			);
			defaultConfigurationIsVisible = 0;
			defaultConfigurationName = Release;
		};
		C6097F081FDAE86000A27995 /* Build configuration list for PBXNativeTarget "YapiKredi" */ = {
			isa = XCConfigurationList;
			buildConfigurations = (
				C6097F091FDAE86000A27995 /* Debug */,
				C6097F0A1FDAE86000A27995 /* Release */,
			);
			defaultConfigurationIsVisible = 0;
			defaultConfigurationName = Release;
		};
/* End XCConfigurationList section */
	};
	rootObject = C6097EEE1FDAE86000A27995 /* Project object */;
}
